
Microsoft Visual Studio Solution File, Format Version 12.00
Project("{FAE04EC0-301F-11D3-BF4B-00C04F79EFBC}") = "EnterpriseHealthcareDotNet", "EnterpriseHealthcareDotNet\EnterpriseHealthcareDotNet.csproj", "{483DCF09-CBA6-4AE9-8000-29D915001DFF}"
EndProject
Global
	GlobalSection(SolutionConfigurationPlatforms) = preSolution
		Debug|Any CPU = Debug|Any CPU
		Release|Any CPU = Release|Any CPU
	EndGlobalSection
	GlobalSection(ProjectConfigurationPlatforms) = postSolution
		{483DCF09-CBA6-4AE9-8000-29D915001DFF}.Debug|Any CPU.ActiveCfg = Debug|Any CPU
		{483DCF09-CBA6-4AE9-8000-29D915001DFF}.Debug|Any CPU.Build.0 = Debug|Any CPU
		{483DCF09-CBA6-4AE9-8000-29D915001DFF}.Release|Any CPU.ActiveCfg = Release|Any CPU
		{483DCF09-CBA6-4AE9-8000-29D915001DFF}.Release|Any CPU.Build.0 = Release|Any CPU
	EndGlobalSection
EndGlobal
